
Microsoft Visual Studio Solution File, Format Version 12.00
# Visual Studio Version 16
VisualStudioVersion = 16.0.29613.14
MinimumVisualStudioVersion = 10.0.40219.1
Project("{FAE04EC0-301F-11D3-BF4B-00C04F79EFBC}") = "RestWithASPNETUdemy", "RestWithASPNETUdemy.csproj", "{C0FD5600-3744-484C-BD28-2664193156D2}"
EndProject
Global
	GlobalSection(SolutionConfigurationPlatforms) = preSolution
		Debug|Any CPU = Debug|Any CPU
		Release|Any CPU = Release|Any CPU
	EndGlobalSection
	GlobalSection(ProjectConfigurationPlatforms) = postSolution
		{C0FD5600-3744-484C-BD28-2664193156D2}.Debug|Any CPU.ActiveCfg = Debug|Any CPU
		{C0FD5600-3744-484C-BD28-2664193156D2}.Debug|Any CPU.Build.0 = Debug|Any CPU
		{C0FD5600-3744-484C-BD28-2664193156D2}.Release|Any CPU.ActiveCfg = Release|Any CPU
		{C0FD5600-3744-484C-BD28-2664193156D2}.Release|Any CPU.Build.0 = Release|Any CPU
	EndGlobalSection
	GlobalSection(SolutionProperties) = preSolution
		HideSolutionNode = FALSE
	EndGlobalSection
	GlobalSection(ExtensibilityGlobals) = postSolution
		SolutionGuid = {AB62834D-608C-4E25-885D-669D18C0578F}
	EndGlobalSection
EndGlobal
